
Microsoft Visual Studio Solution File, Format Version 12.00
# Visual Studio Version 17
VisualStudioVersion = 17.1.31911.260
MinimumVisualStudioVersion = 10.0.40219.1
Project("{2150E333-8FDC-42A3-9474-1A3956D46DE8}") = "Desktop", "Desktop", "{A38C42AE-B7A0-4541-AF9B-1552FCBCF019}"
EndProject
Project("{FAE04EC0-301F-11D3-BF4B-00C04F79EFBC}") = "SimpleChat", "Desktop\Samples\SimpleChat\SimpleChat.csproj", "{25BDBCEB-D72E-4ECF-8885-51CA65E6A081}"
EndProject
Project("{9A19103F-16F7-4668-BE54-9A1E7A4F7556}") = "Tempest", "Tempest\Tempest.csproj", "{546F259D-CD47-49D6-8AA1-5D0059D8C390}"
EndProject
Global
	GlobalSection(SolutionConfigurationPlatforms) = preSolution
		Debug|Any CPU = Debug|Any CPU
		Debug|iPhone = Debug|iPhone
		Release|Any CPU = Release|Any CPU
		Release|iPhone = Release|iPhone
	EndGlobalSection
	GlobalSection(ProjectConfigurationPlatforms) = postSolution
		{25BDBCEB-D72E-4ECF-8885-51CA65E6A081}.Debug|Any CPU.ActiveCfg = Debug|x86
		{25BDBCEB-D72E-4ECF-8885-51CA65E6A081}.Debug|Any CPU.Build.0 = Debug|x86
		{25BDBCEB-D72E-4ECF-8885-51CA65E6A081}.Debug|iPhone.ActiveCfg = Debug|x86
		{25BDBCEB-D72E-4ECF-8885-51CA65E6A081}.Release|Any CPU.ActiveCfg = Release|x86
		{25BDBCEB-D72E-4ECF-8885-51CA65E6A081}.Release|iPhone.ActiveCfg = Release|x86
		{546F259D-CD47-49D6-8AA1-5D0059D8C390}.Debug|Any CPU.ActiveCfg = Debug|Any CPU
		{546F259D-CD47-49D6-8AA1-5D0059D8C390}.Debug|Any CPU.Build.0 = Debug|Any CPU
		{546F259D-CD47-49D6-8AA1-5D0059D8C390}.Debug|iPhone.ActiveCfg = Debug|Any CPU
		{546F259D-CD47-49D6-8AA1-5D0059D8C390}.Release|Any CPU.ActiveCfg = Release|Any CPU
		{546F259D-CD47-49D6-8AA1-5D0059D8C390}.Release|Any CPU.Build.0 = Release|Any CPU
		{546F259D-CD47-49D6-8AA1-5D0059D8C390}.Release|iPhone.ActiveCfg = Release|Any CPU
	EndGlobalSection
	GlobalSection(SolutionProperties) = preSolution
		HideSolutionNode = FALSE
	EndGlobalSection
	GlobalSection(NestedProjects) = preSolution
		{25BDBCEB-D72E-4ECF-8885-51CA65E6A081} = {A38C42AE-B7A0-4541-AF9B-1552FCBCF019}
	EndGlobalSection
	GlobalSection(ExtensibilityGlobals) = postSolution
		SolutionGuid = {68422904-E061-49E1-AA8D-AEB362B66C85}
	EndGlobalSection
EndGlobal
